
Microsoft Visual Studio Solution File, Format Version 12.00
# Visual Studio Version 17
VisualStudioVersion = 17.2.32602.215
MinimumVisualStudioVersion = 10.0.40219.1
Project("{FAE04EC0-301F-11D3-BF4B-00C04F79EFBC}") = "Client", "Client\Client.csproj", "{AA14C8A0-383D-4695-A321-01B1D71FF495}"
EndProject
Global
	GlobalSection(SolutionConfigurationPlatforms) = preSolution
		Debug|Any CPU = Debug|Any CPU
		Release|Any CPU = Release|Any CPU
	EndGlobalSection
	GlobalSection(ProjectConfigurationPlatforms) = postSolution
		{AA14C8A0-383D-4695-A321-01B1D71FF495}.Debug|Any CPU.ActiveCfg = Debug|Any CPU
		{AA14C8A0-383D-4695-A321-01B1D71FF495}.Debug|Any CPU.Build.0 = Debug|Any CPU
		{AA14C8A0-383D-4695-A321-01B1D71FF495}.Release|Any CPU.ActiveCfg = Release|Any CPU
		{AA14C8A0-383D-4695-A321-01B1D71FF495}.Release|Any CPU.Build.0 = Release|Any CPU
	EndGlobalSection
	GlobalSection(SolutionProperties) = preSolution
		HideSolutionNode = FALSE
	EndGlobalSection
	GlobalSection(ExtensibilityGlobals) = postSolution
		SolutionGuid = {74F4E68E-8669-42F7-9637-6E83B11DF7A8}
	EndGlobalSection
EndGlobal
