
Microsoft Visual Studio Solution File, Format Version 12.00
# Visual Studio Version 17
VisualStudioVersion = 17.2.32602.215
MinimumVisualStudioVersion = 10.0.40219.1
Project("{FAE04EC0-301F-11D3-BF4B-00C04F79EFBC}") = "CacheClient", "CacheClient\CacheClient.csproj", "{F64CD617-C710-460E-8A4A-DDB2D49746FC}"
EndProject
Global
	GlobalSection(SolutionConfigurationPlatforms) = preSolution
		Debug|Any CPU = Debug|Any CPU
		Release|Any CPU = Release|Any CPU
	EndGlobalSection
	GlobalSection(ProjectConfigurationPlatforms) = postSolution
		{F64CD617-C710-460E-8A4A-DDB2D49746FC}.Debug|Any CPU.ActiveCfg = Debug|Any CPU
		{F64CD617-C710-460E-8A4A-DDB2D49746FC}.Debug|Any CPU.Build.0 = Debug|Any CPU
		{F64CD617-C710-460E-8A4A-DDB2D49746FC}.Release|Any CPU.ActiveCfg = Release|Any CPU
		{F64CD617-C710-460E-8A4A-DDB2D49746FC}.Release|Any CPU.Build.0 = Release|Any CPU
	EndGlobalSection
	GlobalSection(SolutionProperties) = preSolution
		HideSolutionNode = FALSE
	EndGlobalSection
	GlobalSection(ExtensibilityGlobals) = postSolution
		SolutionGuid = {34F88FA8-EE7B-43AD-9016-73936F09033C}
	EndGlobalSection
EndGlobal
